
Microsoft Visual Studio Solution File, Format Version 12.00
# Visual Studio Version 16
VisualStudioVersion = 16.0.31005.135
MinimumVisualStudioVersion = 10.0.40219.1
Project("{FAE04EC0-301F-11D3-BF4B-00C04F79EFBC}") = "Prototype1", "Prototype1.csproj", "{179E8566-2E36-4C86-B8C4-FD0C914D14DF}"
EndProject
Global
	GlobalSection(SolutionConfigurationPlatforms) = preSolution
		Debug|Any CPU = Debug|Any CPU
		Release|Any CPU = Release|Any CPU
	EndGlobalSection
	GlobalSection(ProjectConfigurationPlatforms) = postSolution
		{179E8566-2E36-4C86-B8C4-FD0C914D14DF}.Debug|Any CPU.ActiveCfg = Debug|Any CPU
		{179E8566-2E36-4C86-B8C4-FD0C914D14DF}.Debug|Any CPU.Build.0 = Debug|Any CPU
		{179E8566-2E36-4C86-B8C4-FD0C914D14DF}.Release|Any CPU.ActiveCfg = Release|Any CPU
		{179E8566-2E36-4C86-B8C4-FD0C914D14DF}.Release|Any CPU.Build.0 = Release|Any CPU
	EndGlobalSection
	GlobalSection(SolutionProperties) = preSolution
		HideSolutionNode = FALSE
	EndGlobalSection
	GlobalSection(ExtensibilityGlobals) = postSolution
		SolutionGuid = {68AF8C34-E6CC-4424-9575-1A0EC94D8FB7}
	EndGlobalSection
EndGlobal
